
Microsoft Visual Studio Solution File, Format Version 12.00
# Visual Studio Version 17
VisualStudioVersion = 17.0.31903.59
MinimumVisualStudioVersion = 10.0.40219.1
Project("{2150E333-8FDC-42A3-9474-1A3956D46DE8}") = "source", "source", "{EE8518CE-60E5-439C-B7CE-9191260998C8}"
EndProject
Project("{9A19103F-16F7-4668-BE54-9A1E7A4F7556}") = "Cut", "source\Cut\Cut.csproj", "{96C1092C-222D-4ECD-9124-429A4CB8C88B}"
EndProject
Project("{9A19103F-16F7-4668-BE54-9A1E7A4F7556}") = "Cut.Tests", "tests\Cut.Tests\Cut.Tests.csproj", "{72AF751B-FC53-4A08-A7DA-CC3689915B3B}"
EndProject
Project("{2150E333-8FDC-42A3-9474-1A3956D46DE8}") = "tests", "tests", "{D35DD32C-7382-4F4F-88D7-AFD5DD849390}"
EndProject
Project("{9A19103F-16F7-4668-BE54-9A1E7A4F7556}") = "Cut.Lib", "source\Cut.Lib\Cut.Lib.csproj", "{FD9C605B-BD40-437E-B27E-3BBFCB9726EA}"
EndProject
Global
	GlobalSection(SolutionConfigurationPlatforms) = preSolution
		Debug|Any CPU = Debug|Any CPU
		Release|Any CPU = Release|Any CPU
	EndGlobalSection
	GlobalSection(ProjectConfigurationPlatforms) = postSolution
		{96C1092C-222D-4ECD-9124-429A4CB8C88B}.Debug|Any CPU.ActiveCfg = Debug|Any CPU
		{96C1092C-222D-4ECD-9124-429A4CB8C88B}.Debug|Any CPU.Build.0 = Debug|Any CPU
		{96C1092C-222D-4ECD-9124-429A4CB8C88B}.Release|Any CPU.ActiveCfg = Release|Any CPU
		{96C1092C-222D-4ECD-9124-429A4CB8C88B}.Release|Any CPU.Build.0 = Release|Any CPU
		{72AF751B-FC53-4A08-A7DA-CC3689915B3B}.Debug|Any CPU.ActiveCfg = Debug|Any CPU
		{72AF751B-FC53-4A08-A7DA-CC3689915B3B}.Debug|Any CPU.Build.0 = Debug|Any CPU
		{72AF751B-FC53-4A08-A7DA-CC3689915B3B}.Release|Any CPU.ActiveCfg = Release|Any CPU
		{72AF751B-FC53-4A08-A7DA-CC3689915B3B}.Release|Any CPU.Build.0 = Release|Any CPU
		{FD9C605B-BD40-437E-B27E-3BBFCB9726EA}.Debug|Any CPU.ActiveCfg = Debug|Any CPU
		{FD9C605B-BD40-437E-B27E-3BBFCB9726EA}.Debug|Any CPU.Build.0 = Debug|Any CPU
		{FD9C605B-BD40-437E-B27E-3BBFCB9726EA}.Release|Any CPU.ActiveCfg = Release|Any CPU
		{FD9C605B-BD40-437E-B27E-3BBFCB9726EA}.Release|Any CPU.Build.0 = Release|Any CPU
	EndGlobalSection
	GlobalSection(SolutionProperties) = preSolution
		HideSolutionNode = FALSE
	EndGlobalSection
	GlobalSection(NestedProjects) = preSolution
		{96C1092C-222D-4ECD-9124-429A4CB8C88B} = {EE8518CE-60E5-439C-B7CE-9191260998C8}
		{72AF751B-FC53-4A08-A7DA-CC3689915B3B} = {D35DD32C-7382-4F4F-88D7-AFD5DD849390}
		{FD9C605B-BD40-437E-B27E-3BBFCB9726EA} = {EE8518CE-60E5-439C-B7CE-9191260998C8}
	EndGlobalSection
	GlobalSection(ExtensibilityGlobals) = postSolution
		SolutionGuid = {5EF73163-BCCC-4780-8D8D-8A24529EACA5}
	EndGlobalSection
EndGlobal
