
Microsoft Visual Studio Solution File, Format Version 12.00
# Visual Studio Version 17
VisualStudioVersion = 17.5.002.0
MinimumVisualStudioVersion = 10.0.40219.1
Project("{9A19103F-16F7-4668-BE54-9A1E7A4F7556}") = "Cute", "Cute\Cute.csproj", "{72507FF2-936C-4C76-B58A-333DB117C47B}"
EndProject
Project("{9A19103F-16F7-4668-BE54-9A1E7A4F7556}") = "Cute.Lib", "Cute.Lib\Cute.Lib.csproj", "{D1C5A6AE-F5D3-416F-8F66-9A4DDF4B7C78}"
EndProject
Global
	GlobalSection(SolutionConfigurationPlatforms) = preSolution
		Debug|Any CPU = Debug|Any CPU
		Release|Any CPU = Release|Any CPU
	EndGlobalSection
	GlobalSection(ProjectConfigurationPlatforms) = postSolution
		{72507FF2-936C-4C76-B58A-333DB117C47B}.Debug|Any CPU.ActiveCfg = Debug|Any CPU
		{72507FF2-936C-4C76-B58A-333DB117C47B}.Debug|Any CPU.Build.0 = Debug|Any CPU
		{72507FF2-936C-4C76-B58A-333DB117C47B}.Release|Any CPU.ActiveCfg = Release|Any CPU
		{72507FF2-936C-4C76-B58A-333DB117C47B}.Release|Any CPU.Build.0 = Release|Any CPU
		{D1C5A6AE-F5D3-416F-8F66-9A4DDF4B7C78}.Debug|Any CPU.ActiveCfg = Debug|Any CPU
		{D1C5A6AE-F5D3-416F-8F66-9A4DDF4B7C78}.Debug|Any CPU.Build.0 = Debug|Any CPU
		{D1C5A6AE-F5D3-416F-8F66-9A4DDF4B7C78}.Release|Any CPU.ActiveCfg = Release|Any CPU
		{D1C5A6AE-F5D3-416F-8F66-9A4DDF4B7C78}.Release|Any CPU.Build.0 = Release|Any CPU
	EndGlobalSection
	GlobalSection(SolutionProperties) = preSolution
		HideSolutionNode = FALSE
	EndGlobalSection
	GlobalSection(ExtensibilityGlobals) = postSolution
		SolutionGuid = {8300A44C-A694-4F1D-BB1B-42C5076E0431}
	EndGlobalSection
EndGlobal
